PODS:
  - Realm (2.0.2):
    - Realm/Headers (= 2.0.2)
  - Realm/Headers (2.0.2)
  - RealmSwift (2.0.2):
    - Realm (= 2.0.2)
  - RxCocoa (3.0.0-rc.1):
    - RxSwift (~> 3.0.0-rc.1)
  - RxRealm (0.2.6):
    - RealmSwift (~> 2.0)
    - RxSwift (~> 3.0.0-beta.2)
  - RxSwift (3.0.0-rc.1)
  - RxTest (3.0.0-rc.1):
    - RxSwift (~> 3.0.0-rc.1)

DEPENDENCIES:
  - RealmSwift
  - RxCocoa (= 3.0.0-rc.1)
  - RxRealm (~> 0.2.6)
  - RxSwift (= 3.0.0-rc.1)
  - RxTest (= 3.0.0-rc.1)

SPEC CHECKSUMS:
  Realm: 0f5a194af0b7e6158b83db41b4ee1a00be7ddf1a
  RealmSwift: 0eb5070d851cba7c66e841ca756d83609dc78bc8
  RxCocoa: e72a074a7f38896ec0382d096df5f58df10115c7
  RxRealm: 29adf87a3cdbf228c7eec2e58749e3f7c63647fb
  RxSwift: d7a3819dd71789c473e3cbf1a0c02d58b2692739
  RxTest: e7044409e1db9d2a4968ede599909c7a41539256

PODFILE CHECKSUM: 307e35772c4f0df43812cddb7540babc08f93606

COCOAPODS: 1.1.1
