// !$*UTF8*$!
{
	archiveVersion = 1;
	classes = {
	};
	objectVersion = 46;
	objects = {

/* Begin PBXBuildFile section */
		0DC7EB2010DAFE346B59CC20 /* Pods_DomainTests.framework in Frameworks */ = {isa = PBXBuildFile; fileRef = CF92B5CA796B52821036C7C3 /* Pods_DomainTests.framework */; };
		2512A95D1DBAAA21002E1104 /* Domain.framework in Frameworks */ = {isa = PBXBuildFile; fileRef = D237BE561DB4117E00128623 /* Domain.framework */; };
		2512A9641DBAAD3A002E1104 /* CreateSessionUseCaseTests.swift in Sources */ = {isa = PBXBuildFile; fileRef = 2512A9631DBAAD3A002E1104 /* CreateSessionUseCaseTests.swift */; };
		2513191E1DC1719B00EF0971 /* Domain.framework in Frameworks */ = {isa = PBXBuildFile; fileRef = D237BE561DB4117E00128623 /* Domain.framework */; };
		515F90731FA9F59AE40515BA /* RealmUser.swift in Sources */ = {isa = PBXBuildFile; fileRef = 515F93920C478518236C986B /* RealmUser.swift */; };
		515F90AEBDEC8F40C08E8C47 /* RealmVote.swift in Sources */ = {isa = PBXBuildFile; fileRef = 515F9B878ACC9B2C823B9F62 /* RealmVote.swift */; };
		515F94530AC0D406A02570BF /* RealmRepository.swift in Sources */ = {isa = PBXBuildFile; fileRef = 515F927A7227F1BF7E83FE36 /* RealmRepository.swift */; };
		515F94FAFDA656FD4C494C7C /* DomainConvertible.swift in Sources */ = {isa = PBXBuildFile; fileRef = 515F929E4890821DBCABD3E2 /* DomainConvertible.swift */; };
		515F97A57A1D001FE5970FC5 /* Story.swift in Sources */ = {isa = PBXBuildFile; fileRef = 515F9FEB00C708D3C5F77EE0 /* Story.swift */; };
		515F980FFB2960D92A8535B5 /* RealmSessionConfiguration.swift in Sources */ = {isa = PBXBuildFile; fileRef = 515F997E1EE6D3B592F4F15D /* RealmSessionConfiguration.swift */; };
		515F9907955AC2DB6AEC8DF0 /* RealmConvertible.swift in Sources */ = {isa = PBXBuildFile; fileRef = 515F91D10AB08B62FBA6C4D6 /* RealmConvertible.swift */; };
		515F9A2AE9B273928912EA92 /* RealmStory.swift in Sources */ = {isa = PBXBuildFile; fileRef = 515F92B536BE466506A6FF2F /* RealmStory.swift */; };
		515F9AFFB45BE95BA924F09B /* Session.swift in Sources */ = {isa = PBXBuildFile; fileRef = 515F9B507E8A20B64D925D2D /* Session.swift */; };
		515F9B25C5D3530E4EBBA464 /* User.swift in Sources */ = {isa = PBXBuildFile; fileRef = 515F99BC0DFF1CD780B7E569 /* User.swift */; };
		515F9B955FD7D0BF7C65019C /* RealmSession.swift in Sources */ = {isa = PBXBuildFile; fileRef = 515F95D618AD331E8146A0F0 /* RealmSession.swift */; };
		515F9E4638AE84116EF40E15 /* List+Extensions.swift in Sources */ = {isa = PBXBuildFile; fileRef = 515F96BA01CB7688B6B1D97F /* List+Extensions.swift */; };
		515F9FD370E2A29E5C059BAA /* Vote.swift in Sources */ = {isa = PBXBuildFile; fileRef = 515F92E8171D9888B2F6C75B /* Vote.swift */; };
		7124C97608383221B82DC31F /* Pods_Domain.framework in Frameworks */ = {isa = PBXBuildFile; fileRef = FA0AF32E8F8DCD13BAA5E153 /* Pods_Domain.framework */; };
		82AB1961C86D5B772C78AD9C /* Pods_PlatformTests.framework in Frameworks */ = {isa = PBXBuildFile; fileRef = F0DC002CB12EF8C42A6D74DF /* Pods_PlatformTests.framework */; };
		886A4BFB1FAA3A0923267908 /* RepositoryFactory.swift in Sources */ = {isa = PBXBuildFile; fileRef = 886A43767C77480CE7F2E159 /* RepositoryFactory.swift */; };
		886A4D7B93167EFB34F39ED4 /* RepositorySyncUseCase.swift in Sources */ = {isa = PBXBuildFile; fileRef = 886A49304F19753D46B999CB /* RepositorySyncUseCase.swift */; };
		886A4FF3B0D2B46A11152D98 /* SplashViewController.swift in Sources */ = {isa = PBXBuildFile; fileRef = 886A41E46C8BD4F1FD161376 /* SplashViewController.swift */; };
		A425EFF21163E8653059E81D /* Pods_PokerPalm.framework in Frameworks */ = {isa = PBXBuildFile; fileRef = 774B384527D6FDA991C10B79 /* Pods_PokerPalm.framework */; };
		AE56848936F398686028A9CC /* Pods_Platform.framework in Frameworks */ = {isa = PBXBuildFile; fileRef = 3CAEF90DE1DEB6101571D96F /* Pods_Platform.framework */; };
		D23761D61DC6743900872F94 /* Repositories.swift in Sources */ = {isa = PBXBuildFile; fileRef = 886A478498C9DB264B3CA561 /* Repositories.swift */; };
		D237BE401DB40FA800128623 /* AppDelegate.swift in Sources */ = {isa = PBXBuildFile; fileRef = D237BE3F1DB40FA800128623 /* AppDelegate.swift */; };
		D237BE421DB40FA800128623 /* ViewController.swift in Sources */ = {isa = PBXBuildFile; fileRef = D237BE411DB40FA800128623 /* ViewController.swift */; };
		D237BE451DB40FA800128623 /* Main.storyboard in Resources */ = {isa = PBXBuildFile; fileRef = D237BE431DB40FA800128623 /* Main.storyboard */; };
		D237BE471DB40FA800128623 /* Assets.xcassets in Resources */ = {isa = PBXBuildFile; fileRef = D237BE461DB40FA800128623 /* Assets.xcassets */; };
		D237BE4A1DB40FA800128623 /* LaunchScreen.storyboard in Resources */ = {isa = PBXBuildFile; fileRef = D237BE481DB40FA800128623 /* LaunchScreen.storyboard */; };
		D237BE5A1DB4117E00128623 /* Domain.h in Headers */ = {isa = PBXBuildFile; fileRef = D237BE581DB4117E00128623 /* Domain.h */; settings = {ATTRIBUTES = (Public, ); }; };
		D237BE5D1DB4117E00128623 /* Domain.framework in Frameworks */ = {isa = PBXBuildFile; fileRef = D237BE561DB4117E00128623 /* Domain.framework */; };
		D237BE5E1DB4117E00128623 /* Domain.framework in Embed Frameworks */ = {isa = PBXBuildFile; fileRef = D237BE561DB4117E00128623 /* Domain.framework */; settings = {ATTRIBUTES = (CodeSignOnCopy, RemoveHeadersOnCopy, ); }; };
		D237BE6C1DB4118700128623 /* Platform.h in Headers */ = {isa = PBXBuildFile; fileRef = D237BE6A1DB4118700128623 /* Platform.h */; settings = {ATTRIBUTES = (Public, ); }; };
		D237BE6F1DB4118700128623 /* Platform.framework in Frameworks */ = {isa = PBXBuildFile; fileRef = D237BE681DB4118700128623 /* Platform.framework */; };
		D237BE701DB4118700128623 /* Platform.framework in Embed Frameworks */ = {isa = PBXBuildFile; fileRef = D237BE681DB4118700128623 /* Platform.framework */; settings = {ATTRIBUTES = (CodeSignOnCopy, RemoveHeadersOnCopy, ); }; };
		D237BE751DB411B600128623 /* UseCases.swift in Sources */ = {isa = PBXBuildFile; fileRef = D237BE741DB411B600128623 /* UseCases.swift */; };
		D237BE771DB411C300128623 /* Entities.swift in Sources */ = {isa = PBXBuildFile; fileRef = D237BE761DB411C300128623 /* Entities.swift */; };
		D237BE7C1DB6D03E00128623 /* Attribute.swift in Sources */ = {isa = PBXBuildFile; fileRef = D237BE791DB6D03E00128623 /* Attribute.swift */; };
		D237BE7D1DB6D03E00128623 /* Expression.swift in Sources */ = {isa = PBXBuildFile; fileRef = D237BE7A1DB6D03E00128623 /* Expression.swift */; };
		D237BE7E1DB6D03E00128623 /* Predicate.swift in Sources */ = {isa = PBXBuildFile; fileRef = D237BE7B1DB6D03E00128623 /* Predicate.swift */; };
		D237BE801DB6D15900128623 /* AttributeStringLiteral.swift in Sources */ = {isa = PBXBuildFile; fileRef = D237BE7F1DB6D15900128623 /* AttributeStringLiteral.swift */; };
		D2CA0D391DC626C80046AB66 /* PlatformTests.swift in Sources */ = {isa = PBXBuildFile; fileRef = D2CA0D381DC626C80046AB66 /* PlatformTests.swift */; };
		D2CA0D3B1DC626C80046AB66 /* Platform.framework in Frameworks */ = {isa = PBXBuildFile; fileRef = D237BE681DB4118700128623 /* Platform.framework */; };
/* End PBXBuildFile section */

/* Begin PBXContainerItemProxy section */
		2512A95E1DBAAA21002E1104 /* PBXContainerItemProxy */ = {
			isa = PBXContainerItemProxy;
			containerPortal = D237BE341DB40FA800128623 /* Project object */;
			proxyType = 1;
			remoteGlobalIDString = D237BE551DB4117E00128623;
			remoteInfo = Domain;
		};
		D237BE5B1DB4117E00128623 /* PBXContainerItemProxy */ = {
			isa = PBXContainerItemProxy;
			containerPortal = D237BE341DB40FA800128623 /* Project object */;
			proxyType = 1;
			remoteGlobalIDString = D237BE551DB4117E00128623;
			remoteInfo = Domain;
		};
		D237BE6D1DB4118700128623 /* PBXContainerItemProxy */ = {
			isa = PBXContainerItemProxy;
			containerPortal = D237BE341DB40FA800128623 /* Project object */;
			proxyType = 1;
			remoteGlobalIDString = D237BE671DB4118700128623;
			remoteInfo = Platform;
		};
		D2CA0D3C1DC626C80046AB66 /* PBXContainerItemProxy */ = {
			isa = PBXContainerItemProxy;
			containerPortal = D237BE341DB40FA800128623 /* Project object */;
			proxyType = 1;
			remoteGlobalIDString = D237BE671DB4118700128623;
			remoteInfo = Platform;
		};
/* End PBXContainerItemProxy section */

/* Begin PBXCopyFilesBuildPhase section */
		D237BE621DB4117E00128623 /* Embed Frameworks */ = {
			isa = PBXCopyFilesBuildPhase;
			buildActionMask = 2147483647;
			dstPath = "";
			dstSubfolderSpec = 10;
			files = (
				D237BE5E1DB4117E00128623 /* Domain.framework in Embed Frameworks */,
				D237BE701DB4118700128623 /* Platform.framework in Embed Frameworks */,
			);
			name = "Embed Frameworks";
			runOnlyForDeploymentPostprocessing = 0;
		};
/* End PBXCopyFilesBuildPhase section */

/* Begin PBXFileReference section */
		2512A9581DBAAA21002E1104 /* DomainTests.xctest */ = {isa = PBXFileReference; explicitFileType = wrapper.cfbundle; includeInIndex = 0; path = DomainTests.xctest; sourceTree = BUILT_PRODUCTS_DIR; };
		2512A95C1DBAAA21002E1104 /* Info.plist */ = {isa = PBXFileReference; lastKnownFileType = text.plist.xml; path = Info.plist; sourceTree = "<group>"; };
		2512A9631DBAAD3A002E1104 /* CreateSessionUseCaseTests.swift */ = {isa = PBXFileReference; fileEncoding = 4; lastKnownFileType = sourcecode.swift; path = CreateSessionUseCaseTests.swift; sourceTree = "<group>"; };
		25A163673E66C32C078D53BF /* Pods-Domain.debug.xcconfig */ = {isa = PBXFileReference; includeInIndex = 1; lastKnownFileType = text.xcconfig; name = "Pods-Domain.debug.xcconfig"; path = "Pods/Target Support Files/Pods-Domain/Pods-Domain.debug.xcconfig"; sourceTree = "<group>"; };
		388F0D90442CEEE830B84BBB /* Pods-DomainTests.debug.xcconfig */ = {isa = PBXFileReference; includeInIndex = 1; lastKnownFileType = text.xcconfig; name = "Pods-DomainTests.debug.xcconfig"; path = "Pods/Target Support Files/Pods-DomainTests/Pods-DomainTests.debug.xcconfig"; sourceTree = "<group>"; };
		3CAEF90DE1DEB6101571D96F /* Pods_Platform.framework */ = {isa = PBXFileReference; explicitFileType = wrapper.framework; includeInIndex = 0; path = Pods_Platform.framework; sourceTree = BUILT_PRODUCTS_DIR; };
		515F91D10AB08B62FBA6C4D6 /* RealmConvertible.swift */ = {isa = PBXFileReference; fileEncoding = 4; lastKnownFileType = sourcecode.swift; path = RealmConvertible.swift; sourceTree = "<group>"; };
		515F927A7227F1BF7E83FE36 /* RealmRepository.swift */ = {isa = PBXFileReference; fileEncoding = 4; lastKnownFileType = sourcecode.swift; path = RealmRepository.swift; sourceTree = "<group>"; };
		515F929E4890821DBCABD3E2 /* DomainConvertible.swift */ = {isa = PBXFileReference; fileEncoding = 4; lastKnownFileType = sourcecode.swift; path = DomainConvertible.swift; sourceTree = "<group>"; };
		515F92B536BE466506A6FF2F /* RealmStory.swift */ = {isa = PBXFileReference; fileEncoding = 4; lastKnownFileType = sourcecode.swift; path = RealmStory.swift; sourceTree = "<group>"; };
		515F92E8171D9888B2F6C75B /* Vote.swift */ = {isa = PBXFileReference; fileEncoding = 4; lastKnownFileType = sourcecode.swift; path = Vote.swift; sourceTree = "<group>"; };
		515F93920C478518236C986B /* RealmUser.swift */ = {isa = PBXFileReference; fileEncoding = 4; lastKnownFileType = sourcecode.swift; path = RealmUser.swift; sourceTree = "<group>"; };
		515F95D618AD331E8146A0F0 /* RealmSession.swift */ = {isa = PBXFileReference; fileEncoding = 4; lastKnownFileType = sourcecode.swift; path = RealmSession.swift; sourceTree = "<group>"; };
		515F96BA01CB7688B6B1D97F /* List+Extensions.swift */ = {isa = PBXFileReference; fileEncoding = 4; lastKnownFileType = sourcecode.swift; path = "List+Extensions.swift"; sourceTree = "<group>"; };
		515F997E1EE6D3B592F4F15D /* RealmSessionConfiguration.swift */ = {isa = PBXFileReference; fileEncoding = 4; lastKnownFileType = sourcecode.swift; path = RealmSessionConfiguration.swift; sourceTree = "<group>"; };
		515F99BC0DFF1CD780B7E569 /* User.swift */ = {isa = PBXFileReference; fileEncoding = 4; lastKnownFileType = sourcecode.swift; path = User.swift; sourceTree = "<group>"; };
		515F9B507E8A20B64D925D2D /* Session.swift */ = {isa = PBXFileReference; fileEncoding = 4; lastKnownFileType = sourcecode.swift; path = Session.swift; sourceTree = "<group>"; };
		515F9B878ACC9B2C823B9F62 /* RealmVote.swift */ = {isa = PBXFileReference; fileEncoding = 4; lastKnownFileType = sourcecode.swift; path = RealmVote.swift; sourceTree = "<group>"; };
		515F9FEB00C708D3C5F77EE0 /* Story.swift */ = {isa = PBXFileReference; fileEncoding = 4; lastKnownFileType = sourcecode.swift; path = Story.swift; sourceTree = "<group>"; };
		5D28C09F1AE1FB34328B34C5 /* Pods-DomainTests.release.xcconfig */ = {isa = PBXFileReference; includeInIndex = 1; lastKnownFileType = text.xcconfig; name = "Pods-DomainTests.release.xcconfig"; path = "Pods/Target Support Files/Pods-DomainTests/Pods-DomainTests.release.xcconfig"; sourceTree = "<group>"; };
		774B384527D6FDA991C10B79 /* Pods_PokerPalm.framework */ = {isa = PBXFileReference; explicitFileType = wrapper.framework; includeInIndex = 0; path = Pods_PokerPalm.framework; sourceTree = BUILT_PRODUCTS_DIR; };
		7C07576B639E64EA6EF98B74 /* Pods-Platform.debug.xcconfig */ = {isa = PBXFileReference; includeInIndex = 1; lastKnownFileType = text.xcconfig; name = "Pods-Platform.debug.xcconfig"; path = "Pods/Target Support Files/Pods-Platform/Pods-Platform.debug.xcconfig"; sourceTree = "<group>"; };
		886A41E46C8BD4F1FD161376 /* SplashViewController.swift */ = {isa = PBXFileReference; fileEncoding = 4; lastKnownFileType = sourcecode.swift; path = SplashViewController.swift; sourceTree = "<group>"; };
		886A43767C77480CE7F2E159 /* RepositoryFactory.swift */ = {isa = PBXFileReference; fileEncoding = 4; lastKnownFileType = sourcecode.swift; path = RepositoryFactory.swift; sourceTree = "<group>"; };
		886A478498C9DB264B3CA561 /* Repositories.swift */ = {isa = PBXFileReference; fileEncoding = 4; lastKnownFileType = sourcecode.swift; path = Repositories.swift; sourceTree = "<group>"; };
		886A49304F19753D46B999CB /* RepositorySyncUseCase.swift */ = {isa = PBXFileReference; fileEncoding = 4; lastKnownFileType = sourcecode.swift; path = RepositorySyncUseCase.swift; sourceTree = "<group>"; };
		9031B51C7FEDDC13F7513357 /* Pods-PlatformTests.release.xcconfig */ = {isa = PBXFileReference; includeInIndex = 1; lastKnownFileType = text.xcconfig; name = "Pods-PlatformTests.release.xcconfig"; path = "Pods/Target Support Files/Pods-PlatformTests/Pods-PlatformTests.release.xcconfig"; sourceTree = "<group>"; };
		989BC68AB4FAA6622A885F2A /* Pods-Domain.release.xcconfig */ = {isa = PBXFileReference; includeInIndex = 1; lastKnownFileType = text.xcconfig; name = "Pods-Domain.release.xcconfig"; path = "Pods/Target Support Files/Pods-Domain/Pods-Domain.release.xcconfig"; sourceTree = "<group>"; };
		B775A4A999B84D39D3687472 /* Pods-PlatformTests.debug.xcconfig */ = {isa = PBXFileReference; includeInIndex = 1; lastKnownFileType = text.xcconfig; name = "Pods-PlatformTests.debug.xcconfig"; path = "Pods/Target Support Files/Pods-PlatformTests/Pods-PlatformTests.debug.xcconfig"; sourceTree = "<group>"; };
		C63262C538D271BBA7981169 /* Pods-Platform.release.xcconfig */ = {isa = PBXFileReference; includeInIndex = 1; lastKnownFileType = text.xcconfig; name = "Pods-Platform.release.xcconfig"; path = "Pods/Target Support Files/Pods-Platform/Pods-Platform.release.xcconfig"; sourceTree = "<group>"; };
		CF92B5CA796B52821036C7C3 /* Pods_DomainTests.framework */ = {isa = PBXFileReference; explicitFileType = wrapper.framework; includeInIndex = 0; path = Pods_DomainTests.framework; sourceTree = BUILT_PRODUCTS_DIR; };
		D23761D71DC67D7300872F94 /* PokerPalm.entitlements */ = {isa = PBXFileReference; lastKnownFileType = text.plist.entitlements; path = PokerPalm.entitlements; sourceTree = "<group>"; };
		D237BE3C1DB40FA800128623 /* PokerPalm.app */ = {isa = PBXFileReference; explicitFileType = wrapper.application; includeInIndex = 0; path = PokerPalm.app; sourceTree = BUILT_PRODUCTS_DIR; };
		D237BE3F1DB40FA800128623 /* AppDelegate.swift */ = {isa = PBXFileReference; lastKnownFileType = sourcecode.swift; path = AppDelegate.swift; sourceTree = "<group>"; };
		D237BE411DB40FA800128623 /* ViewController.swift */ = {isa = PBXFileReference; lastKnownFileType = sourcecode.swift; path = ViewController.swift; sourceTree = "<group>"; };
		D237BE441DB40FA800128623 /* Base */ = {isa = PBXFileReference; lastKnownFileType = file.storyboard; name = Base; path = Base.lproj/Main.storyboard; sourceTree = "<group>"; };
		D237BE461DB40FA800128623 /* Assets.xcassets */ = {isa = PBXFileReference; lastKnownFileType = folder.assetcatalog; path = Assets.xcassets; sourceTree = "<group>"; };
		D237BE491DB40FA800128623 /* Base */ = {isa = PBXFileReference; lastKnownFileType = file.storyboard; name = Base; path = Base.lproj/LaunchScreen.storyboard; sourceTree = "<group>"; };
		D237BE4B1DB40FA800128623 /* Info.plist */ = {isa = PBXFileReference; lastKnownFileType = text.plist.xml; path = Info.plist; sourceTree = "<group>"; };
		D237BE561DB4117E00128623 /* Domain.framework */ = {isa = PBXFileReference; explicitFileType = wrapper.framework; includeInIndex = 0; path = Domain.framework; sourceTree = BUILT_PRODUCTS_DIR; };
		D237BE581DB4117E00128623 /* Domain.h */ = {isa = PBXFileReference; lastKnownFileType = sourcecode.c.h; path = Domain.h; sourceTree = "<group>"; };
		D237BE591DB4117E00128623 /* Info.plist */ = {isa = PBXFileReference; lastKnownFileType = text.plist.xml; path = Info.plist; sourceTree = "<group>"; };
		D237BE681DB4118700128623 /* Platform.framework */ = {isa = PBXFileReference; explicitFileType = wrapper.framework; includeInIndex = 0; path = Platform.framework; sourceTree = BUILT_PRODUCTS_DIR; };
		D237BE6A1DB4118700128623 /* Platform.h */ = {isa = PBXFileReference; lastKnownFileType = sourcecode.c.h; path = Platform.h; sourceTree = "<group>"; };
		D237BE6B1DB4118700128623 /* Info.plist */ = {isa = PBXFileReference; lastKnownFileType = text.plist.xml; path = Info.plist; sourceTree = "<group>"; };
		D237BE741DB411B600128623 /* UseCases.swift */ = {isa = PBXFileReference; fileEncoding = 4; lastKnownFileType = sourcecode.swift; path = UseCases.swift; sourceTree = "<group>"; };
		D237BE761DB411C300128623 /* Entities.swift */ = {isa = PBXFileReference; fileEncoding = 4; lastKnownFileType = sourcecode.swift; path = Entities.swift; sourceTree = "<group>"; };
		D237BE791DB6D03E00128623 /* Attribute.swift */ = {isa = PBXFileReference; fileEncoding = 4; lastKnownFileType = sourcecode.swift; path = Attribute.swift; sourceTree = "<group>"; };
		D237BE7A1DB6D03E00128623 /* Expression.swift */ = {isa = PBXFileReference; fileEncoding = 4; lastKnownFileType = sourcecode.swift; path = Expression.swift; sourceTree = "<group>"; };
		D237BE7B1DB6D03E00128623 /* Predicate.swift */ = {isa = PBXFileReference; fileEncoding = 4; lastKnownFileType = sourcecode.swift; path = Predicate.swift; sourceTree = "<group>"; };
		D237BE7F1DB6D15900128623 /* AttributeStringLiteral.swift */ = {isa = PBXFileReference; fileEncoding = 4; lastKnownFileType = sourcecode.swift; path = AttributeStringLiteral.swift; sourceTree = "<group>"; };
		D2CA0D361DC626C80046AB66 /* PlatformTests.xctest */ = {isa = PBXFileReference; explicitFileType = wrapper.cfbundle; includeInIndex = 0; path = PlatformTests.xctest; sourceTree = BUILT_PRODUCTS_DIR; };
		D2CA0D381DC626C80046AB66 /* PlatformTests.swift */ = {isa = PBXFileReference; lastKnownFileType = sourcecode.swift; path = PlatformTests.swift; sourceTree = "<group>"; };
		D2CA0D3A1DC626C80046AB66 /* Info.plist */ = {isa = PBXFileReference; lastKnownFileType = text.plist.xml; path = Info.plist; sourceTree = "<group>"; };
		EA2924F921C4C4F8E0C1F4C8 /* Pods-PokerPalm.release.xcconfig */ = {isa = PBXFileReference; includeInIndex = 1; lastKnownFileType = text.xcconfig; name = "Pods-PokerPalm.release.xcconfig"; path = "Pods/Target Support Files/Pods-PokerPalm/Pods-PokerPalm.release.xcconfig"; sourceTree = "<group>"; };
		F0DC002CB12EF8C42A6D74DF /* Pods_PlatformTests.framework */ = {isa = PBXFileReference; explicitFileType = wrapper.framework; includeInIndex = 0; path = Pods_PlatformTests.framework; sourceTree = BUILT_PRODUCTS_DIR; };
		FA0AF32E8F8DCD13BAA5E153 /* Pods_Domain.framework */ = {isa = PBXFileReference; explicitFileType = wrapper.framework; includeInIndex = 0; path = Pods_Domain.framework; sourceTree = BUILT_PRODUCTS_DIR; };
		FB85E139263A812A947ED4D0 /* Pods-PokerPalm.debug.xcconfig */ = {isa = PBXFileReference; includeInIndex = 1; lastKnownFileType = text.xcconfig; name = "Pods-PokerPalm.debug.xcconfig"; path = "Pods/Target Support Files/Pods-PokerPalm/Pods-PokerPalm.debug.xcconfig"; sourceTree = "<group>"; };
/* End PBXFileReference section */

/* Begin PBXFrameworksBuildPhase section */
		2512A9551DBAAA21002E1104 /* Frameworks */ = {
			isa = PBXFrameworksBuildPhase;
			buildActionMask = 2147483647;
			files = (
				2512A95D1DBAAA21002E1104 /* Domain.framework in Frameworks */,
				0DC7EB2010DAFE346B59CC20 /* Pods_DomainTests.framework in Frameworks */,
			);
			runOnlyForDeploymentPostprocessing = 0;
		};
		D237BE391DB40FA800128623 /* Frameworks */ = {
			isa = PBXFrameworksBuildPhase;
			buildActionMask = 2147483647;
			files = (
				D237BE5D1DB4117E00128623 /* Domain.framework in Frameworks */,
				D237BE6F1DB4118700128623 /* Platform.framework in Frameworks */,
				A425EFF21163E8653059E81D /* Pods_PokerPalm.framework in Frameworks */,
			);
			runOnlyForDeploymentPostprocessing = 0;
		};
		D237BE521DB4117E00128623 /* Frameworks */ = {
			isa = PBXFrameworksBuildPhase;
			buildActionMask = 2147483647;
			files = (
				7124C97608383221B82DC31F /* Pods_Domain.framework in Frameworks */,
			);
			runOnlyForDeploymentPostprocessing = 0;
		};
		D237BE641DB4118700128623 /* Frameworks */ = {
			isa = PBXFrameworksBuildPhase;
			buildActionMask = 2147483647;
			files = (
				2513191E1DC1719B00EF0971 /* Domain.framework in Frameworks */,
				AE56848936F398686028A9CC /* Pods_Platform.framework in Frameworks */,
			);
			runOnlyForDeploymentPostprocessing = 0;
		};
		D2CA0D331DC626C80046AB66 /* Frameworks */ = {
			isa = PBXFrameworksBuildPhase;
			buildActionMask = 2147483647;
			files = (
				D2CA0D3B1DC626C80046AB66 /* Platform.framework in Frameworks */,
				82AB1961C86D5B772C78AD9C /* Pods_PlatformTests.framework in Frameworks */,
			);
			runOnlyForDeploymentPostprocessing = 0;
		};
/* End PBXFrameworksBuildPhase section */

/* Begin PBXGroup section */
		2512A9591DBAAA21002E1104 /* DomainTests */ = {
			isa = PBXGroup;
			children = (
				2512A95C1DBAAA21002E1104 /* Info.plist */,
				2512A9631DBAAD3A002E1104 /* CreateSessionUseCaseTests.swift */,
			);
			path = DomainTests;
			sourceTree = "<group>";
		};
		253C9D191DBBD229003148E4 /* Helpers */ = {
			isa = PBXGroup;
			children = (
				253C9D1A1DBBD259003148E4 /* Extensions */,
			);
			path = Helpers;
			sourceTree = "<group>";
		};
		253C9D1A1DBBD259003148E4 /* Extensions */ = {
			isa = PBXGroup;
			children = (
				515F96BA01CB7688B6B1D97F /* List+Extensions.swift */,
			);
			path = Extensions;
			sourceTree = "<group>";
		};
		515F9056DF790E0AADA8A7E0 /* Entities */ = {
			isa = PBXGroup;
			children = (
				515F92B536BE466506A6FF2F /* RealmStory.swift */,
				515F93920C478518236C986B /* RealmUser.swift */,
				515F9B878ACC9B2C823B9F62 /* RealmVote.swift */,
				515F95D618AD331E8146A0F0 /* RealmSession.swift */,
				515F997E1EE6D3B592F4F15D /* RealmSessionConfiguration.swift */,
				515F93BC90A08BC81C7D412A /* EntityConversion */,
			);
			path = Entities;
			sourceTree = "<group>";
		};
		515F936244CF808376DA1E4B /* Repositories */ = {
			isa = PBXGroup;
			children = (
				515F927A7227F1BF7E83FE36 /* RealmRepository.swift */,
				886A478498C9DB264B3CA561 /* Repositories.swift */,
			);
			path = Repositories;
			sourceTree = "<group>";
		};
		515F93BC90A08BC81C7D412A /* EntityConversion */ = {
			isa = PBXGroup;
			children = (
				515F91D10AB08B62FBA6C4D6 /* RealmConvertible.swift */,
				515F929E4890821DBCABD3E2 /* DomainConvertible.swift */,
			);
			path = EntityConversion;
			sourceTree = "<group>";
		};
		515F984506DC0950119CE4AE /* Entities */ = {
			isa = PBXGroup;
			children = (
				515F9B507E8A20B64D925D2D /* Session.swift */,
				515F9FEB00C708D3C5F77EE0 /* Story.swift */,
				515F92E8171D9888B2F6C75B /* Vote.swift */,
				515F99BC0DFF1CD780B7E569 /* User.swift */,
				886A43767C77480CE7F2E159 /* RepositoryFactory.swift */,
			);
			path = Entities;
			sourceTree = "<group>";
		};
		886A4365C84D0C41AB4FC188 /* SplashScreen */ = {
			isa = PBXGroup;
			children = (
				886A41E46C8BD4F1FD161376 /* SplashViewController.swift */,
			);
			path = SplashScreen;
			sourceTree = "<group>";
		};
		886A4D6D7E82E3BC0626B0F0 /* UseCases */ = {
			isa = PBXGroup;
			children = (
				886A49304F19753D46B999CB /* RepositorySyncUseCase.swift */,
			);
			path = UseCases;
			sourceTree = "<group>";
		};
		88FCE064F1DA7ED2153F3E5D /* Frameworks */ = {
			isa = PBXGroup;
			children = (
				FA0AF32E8F8DCD13BAA5E153 /* Pods_Domain.framework */,
				CF92B5CA796B52821036C7C3 /* Pods_DomainTests.framework */,
				3CAEF90DE1DEB6101571D96F /* Pods_Platform.framework */,
				774B384527D6FDA991C10B79 /* Pods_PokerPalm.framework */,
				F0DC002CB12EF8C42A6D74DF /* Pods_PlatformTests.framework */,
			);
			name = Frameworks;
			sourceTree = "<group>";
		};
		90B1951219A37967FDE6C3DA /* Pods */ = {
			isa = PBXGroup;
			children = (
				25A163673E66C32C078D53BF /* Pods-Domain.debug.xcconfig */,
				989BC68AB4FAA6622A885F2A /* Pods-Domain.release.xcconfig */,
				388F0D90442CEEE830B84BBB /* Pods-DomainTests.debug.xcconfig */,
				5D28C09F1AE1FB34328B34C5 /* Pods-DomainTests.release.xcconfig */,
				7C07576B639E64EA6EF98B74 /* Pods-Platform.debug.xcconfig */,
				C63262C538D271BBA7981169 /* Pods-Platform.release.xcconfig */,
				FB85E139263A812A947ED4D0 /* Pods-PokerPalm.debug.xcconfig */,
				EA2924F921C4C4F8E0C1F4C8 /* Pods-PokerPalm.release.xcconfig */,
				B775A4A999B84D39D3687472 /* Pods-PlatformTests.debug.xcconfig */,
				9031B51C7FEDDC13F7513357 /* Pods-PlatformTests.release.xcconfig */,
			);
			name = Pods;
			sourceTree = "<group>";
		};
		D237BE331DB40FA800128623 = {
			isa = PBXGroup;
			children = (
				D237BE3E1DB40FA800128623 /* PokerPalm */,
				D237BE571DB4117E00128623 /* Domain */,
				D237BE691DB4118700128623 /* Platform */,
				2512A9591DBAAA21002E1104 /* DomainTests */,
				D2CA0D371DC626C80046AB66 /* PlatformTests */,
				D237BE3D1DB40FA800128623 /* Products */,
				90B1951219A37967FDE6C3DA /* Pods */,
				88FCE064F1DA7ED2153F3E5D /* Frameworks */,
			);
			sourceTree = "<group>";
		};
		D237BE3D1DB40FA800128623 /* Products */ = {
			isa = PBXGroup;
			children = (
				D237BE3C1DB40FA800128623 /* PokerPalm.app */,
				D237BE561DB4117E00128623 /* Domain.framework */,
				D237BE681DB4118700128623 /* Platform.framework */,
				2512A9581DBAAA21002E1104 /* DomainTests.xctest */,
				D2CA0D361DC626C80046AB66 /* PlatformTests.xctest */,
			);
			name = Products;
			sourceTree = "<group>";
		};
		D237BE3E1DB40FA800128623 /* PokerPalm */ = {
			isa = PBXGroup;
			children = (
				D23761D71DC67D7300872F94 /* PokerPalm.entitlements */,
				D237BE3F1DB40FA800128623 /* AppDelegate.swift */,
				D237BE411DB40FA800128623 /* ViewController.swift */,
				D237BE431DB40FA800128623 /* Main.storyboard */,
				D237BE461DB40FA800128623 /* Assets.xcassets */,
				D237BE481DB40FA800128623 /* LaunchScreen.storyboard */,
				D237BE4B1DB40FA800128623 /* Info.plist */,
				886A4365C84D0C41AB4FC188 /* SplashScreen */,
			);
			path = PokerPalm;
			sourceTree = "<group>";
		};
		D237BE571DB4117E00128623 /* Domain */ = {
			isa = PBXGroup;
			children = (
				D237BE581DB4117E00128623 /* Domain.h */,
				D237BE591DB4117E00128623 /* Info.plist */,
				D237BE761DB411C300128623 /* Entities.swift */,
				D237BE741DB411B600128623 /* UseCases.swift */,
				515F984506DC0950119CE4AE /* Entities */,
				D237BE781DB6D02700128623 /* Utilities */,
				886A4D6D7E82E3BC0626B0F0 /* UseCases */,
			);
			path = Domain;
			sourceTree = "<group>";
		};
		D237BE691DB4118700128623 /* Platform */ = {
			isa = PBXGroup;
			children = (
				253C9D191DBBD229003148E4 /* Helpers */,
				D237BE6A1DB4118700128623 /* Platform.h */,
				D237BE6B1DB4118700128623 /* Info.plist */,
				515F9056DF790E0AADA8A7E0 /* Entities */,
				515F936244CF808376DA1E4B /* Repositories */,
			);
			path = Platform;
			sourceTree = "<group>";
		};
		D237BE781DB6D02700128623 /* Utilities */ = {
			isa = PBXGroup;
			children = (
				D237BE791DB6D03E00128623 /* Attribute.swift */,
				D237BE7A1DB6D03E00128623 /* Expression.swift */,
				D237BE7B1DB6D03E00128623 /* Predicate.swift */,
				D237BE7F1DB6D15900128623 /* AttributeStringLiteral.swift */,
			);
			path = Utilities;
			sourceTree = "<group>";
		};
		D2CA0D371DC626C80046AB66 /* PlatformTests */ = {
			isa = PBXGroup;
			children = (
				D2CA0D381DC626C80046AB66 /* PlatformTests.swift */,
				D2CA0D3A1DC626C80046AB66 /* Info.plist */,
			);
			path = PlatformTests;
			sourceTree = "<group>";
		};
/* End PBXGroup section */

/* Begin PBXHeadersBuildPhase section */
		D237BE531DB4117E00128623 /* Headers */ = {
			isa = PBXHeadersBuildPhase;
			buildActionMask = 2147483647;
			files = (
				D237BE5A1DB4117E00128623 /* Domain.h in Headers */,
			);
			runOnlyForDeploymentPostprocessing = 0;
		};
		D237BE651DB4118700128623 /* Headers */ = {
			isa = PBXHeadersBuildPhase;
			buildActionMask = 2147483647;
			files = (
				D237BE6C1DB4118700128623 /* Platform.h in Headers */,
			);
			runOnlyForDeploymentPostprocessing = 0;
		};
/* End PBXHeadersBuildPhase section */

/* Begin PBXNativeTarget section */
		2512A9571DBAAA21002E1104 /* DomainTests */ = {
			isa = PBXNativeTarget;
			buildConfigurationList = 2512A9621DBAAA21002E1104 /* Build configuration list for PBXNativeTarget "DomainTests" */;
			buildPhases = (
				A26B20B11B68F101C79F45E5 /* [CP] Check Pods Manifest.lock */,
				2512A9541DBAAA21002E1104 /* Sources */,
				2512A9551DBAAA21002E1104 /* Frameworks */,
				2512A9561DBAAA21002E1104 /* Resources */,
				6000A11E934851022B3071FA /* [CP] Embed Pods Frameworks */,
				73190207BA26F0272E2FFB98 /* [CP] Copy Pods Resources */,
			);
			buildRules = (
			);
			dependencies = (
				2512A95F1DBAAA21002E1104 /* PBXTargetDependency */,
			);
			name = DomainTests;
			productName = DomainTests;
			productReference = 2512A9581DBAAA21002E1104 /* DomainTests.xctest */;
			productType = "com.apple.product-type.bundle.unit-test";
		};
		D237BE3B1DB40FA800128623 /* PokerPalm */ = {
			isa = PBXNativeTarget;
			buildConfigurationList = D237BE4E1DB40FA800128623 /* Build configuration list for PBXNativeTarget "PokerPalm" */;
			buildPhases = (
				A3DF501329992F1EFDBA79B8 /* [CP] Check Pods Manifest.lock */,
				D237BE381DB40FA800128623 /* Sources */,
				D237BE391DB40FA800128623 /* Frameworks */,
				D237BE3A1DB40FA800128623 /* Resources */,
				D237BE621DB4117E00128623 /* Embed Frameworks */,
				27B21FF4350A4825DAE2ED70 /* [CP] Embed Pods Frameworks */,
				5522CF76F769EB421147ADBD /* [CP] Copy Pods Resources */,
			);
			buildRules = (
			);
			dependencies = (
				D237BE5C1DB4117E00128623 /* PBXTargetDependency */,
				D237BE6E1DB4118700128623 /* PBXTargetDependency */,
			);
			name = PokerPalm;
			productName = PokerPalm;
			productReference = D237BE3C1DB40FA800128623 /* PokerPalm.app */;
			productType = "com.apple.product-type.application";
		};
		D237BE551DB4117E00128623 /* Domain */ = {
			isa = PBXNativeTarget;
			buildConfigurationList = D237BE611DB4117E00128623 /* Build configuration list for PBXNativeTarget "Domain" */;
			buildPhases = (
				58B64B0A36B8EE9533A01524 /* [CP] Check Pods Manifest.lock */,
				D237BE511DB4117E00128623 /* Sources */,
				D237BE521DB4117E00128623 /* Frameworks */,
				D237BE531DB4117E00128623 /* Headers */,
				D237BE541DB4117E00128623 /* Resources */,
				D06635E100FB5EF61318B0FF /* [CP] Copy Pods Resources */,
			);
			buildRules = (
			);
			dependencies = (
			);
			name = Domain;
			productName = Domain;
			productReference = D237BE561DB4117E00128623 /* Domain.framework */;
			productType = "com.apple.product-type.framework";
		};
		D237BE671DB4118700128623 /* Platform */ = {
			isa = PBXNativeTarget;
			buildConfigurationList = D237BE711DB4118700128623 /* Build configuration list for PBXNativeTarget "Platform" */;
			buildPhases = (
				B80E5685CD7907C8C85AED5C /* [CP] Check Pods Manifest.lock */,
				D237BE631DB4118700128623 /* Sources */,
				D237BE641DB4118700128623 /* Frameworks */,
				D237BE651DB4118700128623 /* Headers */,
				D237BE661DB4118700128623 /* Resources */,
				121C7CF04590E8ACACDC0428 /* [CP] Copy Pods Resources */,
			);
			buildRules = (
			);
			dependencies = (
			);
			name = Platform;
			productName = Platform;
			productReference = D237BE681DB4118700128623 /* Platform.framework */;
			productType = "com.apple.product-type.framework";
		};
		D2CA0D351DC626C80046AB66 /* PlatformTests */ = {
			isa = PBXNativeTarget;
			buildConfigurationList = D2CA0D401DC626C80046AB66 /* Build configuration list for PBXNativeTarget "PlatformTests" */;
			buildPhases = (
				6DD022E1AD14F4257A47ACF9 /* [CP] Check Pods Manifest.lock */,
				D2CA0D321DC626C80046AB66 /* Sources */,
				D2CA0D331DC626C80046AB66 /* Frameworks */,
				D2CA0D341DC626C80046AB66 /* Resources */,
				20FC2945A90F639C1A520B30 /* [CP] Embed Pods Frameworks */,
				8498DE7CAC4E05DCD2488E29 /* [CP] Copy Pods Resources */,
			);
			buildRules = (
			);
			dependencies = (
				D2CA0D3D1DC626C80046AB66 /* PBXTargetDependency */,
			);
			name = PlatformTests;
			productName = PlatformTests;
			productReference = D2CA0D361DC626C80046AB66 /* PlatformTests.xctest */;
			productType = "com.apple.product-type.bundle.unit-test";
		};
/* End PBXNativeTarget section */

/* Begin PBXProject section */
		D237BE341DB40FA800128623 /* Project object */ = {
			isa = PBXProject;
			attributes = {
				LastSwiftUpdateCheck = 0810;
				LastUpgradeCheck = 0800;
				ORGANIZATIONNAME = berrylux;
				TargetAttributes = {
					2512A9571DBAAA21002E1104 = {
						CreatedOnToolsVersion = 8.0;
						ProvisioningStyle = Automatic;
					};
					D237BE3B1DB40FA800128623 = {
						CreatedOnToolsVersion = 8.0;
						DevelopmentTeam = 5CW399VSES;
						ProvisioningStyle = Automatic;
						SystemCapabilities = {
							com.apple.Keychain = {
								enabled = 1;
							};
						};
					};
					D237BE551DB4117E00128623 = {
						CreatedOnToolsVersion = 8.0;
						LastSwiftMigration = 0800;
						ProvisioningStyle = Automatic;
					};
					D237BE671DB4118700128623 = {
						CreatedOnToolsVersion = 8.0;
						LastSwiftMigration = 0800;
						ProvisioningStyle = Automatic;
					};
					D2CA0D351DC626C80046AB66 = {
						CreatedOnToolsVersion = 8.1;
						ProvisioningStyle = Automatic;
					};
				};
			};
			buildConfigurationList = D237BE371DB40FA800128623 /* Build configuration list for PBXProject "PokerPalm" */;
			compatibilityVersion = "Xcode 3.2";
			developmentRegion = English;
			hasScannedForEncodings = 0;
			knownRegions = (
				en,
				Base,
			);
			mainGroup = D237BE331DB40FA800128623;
			productRefGroup = D237BE3D1DB40FA800128623 /* Products */;
			projectDirPath = "";
			projectRoot = "";
			targets = (
				D237BE3B1DB40FA800128623 /* PokerPalm */,
				D237BE551DB4117E00128623 /* Domain */,
				D237BE671DB4118700128623 /* Platform */,
				2512A9571DBAAA21002E1104 /* DomainTests */,
				D2CA0D351DC626C80046AB66 /* PlatformTests */,
			);
		};
/* End PBXProject section */

/* Begin PBXResourcesBuildPhase section */
		2512A9561DBAAA21002E1104 /* Resources */ = {
			isa = PBXResourcesBuildPhase;
			buildActionMask = 2147483647;
			files = (
			);
			runOnlyForDeploymentPostprocessing = 0;
		};
		D237BE3A1DB40FA800128623 /* Resources */ = {
			isa = PBXResourcesBuildPhase;
			buildActionMask = 2147483647;
			files = (
				D237BE4A1DB40FA800128623 /* LaunchScreen.storyboard in Resources */,
				D237BE471DB40FA800128623 /* Assets.xcassets in Resources */,
				D237BE451DB40FA800128623 /* Main.storyboard in Resources */,
			);
			runOnlyForDeploymentPostprocessing = 0;
		};
		D237BE541DB4117E00128623 /* Resources */ = {
			isa = PBXResourcesBuildPhase;
			buildActionMask = 2147483647;
			files = (
			);
			runOnlyForDeploymentPostprocessing = 0;
		};
		D237BE661DB4118700128623 /* Resources */ = {
			isa = PBXResourcesBuildPhase;
			buildActionMask = 2147483647;
			files = (
			);
			runOnlyForDeploymentPostprocessing = 0;
		};
		D2CA0D341DC626C80046AB66 /* Resources */ = {
			isa = PBXResourcesBuildPhase;
			buildActionMask = 2147483647;
			files = (
			);
			runOnlyForDeploymentPostprocessing = 0;
		};
/* End PBXResourcesBuildPhase section */

/* Begin PBXShellScriptBuildPhase section */
		121C7CF04590E8ACACDC0428 /* [CP] Copy Pods Resources */ = {
			isa = PBXShellScriptBuildPhase;
			buildActionMask = 2147483647;
			files = (
			);
			inputPaths = (
			);
			name = "[CP] Copy Pods Resources";
			outputPaths = (
			);
			runOnlyForDeploymentPostprocessing = 0;
			shellPath = /bin/sh;
			shellScript = "\"${SRCROOT}/Pods/Target Support Files/Pods-Platform/Pods-Platform-resources.sh\"\n";
			showEnvVarsInLog = 0;
		};
		20FC2945A90F639C1A520B30 /* [CP] Embed Pods Frameworks */ = {
			isa = PBXShellScriptBuildPhase;
			buildActionMask = 2147483647;
			files = (
			);
			inputPaths = (
			);
			name = "[CP] Embed Pods Frameworks";
			outputPaths = (
			);
			runOnlyForDeploymentPostprocessing = 0;
			shellPath = /bin/sh;
			shellScript = "\"${SRCROOT}/Pods/Target Support Files/Pods-PlatformTests/Pods-PlatformTests-frameworks.sh\"\n";
			showEnvVarsInLog = 0;
		};
		27B21FF4350A4825DAE2ED70 /* [CP] Embed Pods Frameworks */ = {
			isa = PBXShellScriptBuildPhase;
			buildActionMask = 2147483647;
			files = (
			);
			inputPaths = (
			);
			name = "[CP] Embed Pods Frameworks";
			outputPaths = (
			);
			runOnlyForDeploymentPostprocessing = 0;
			shellPath = /bin/sh;
			shellScript = "\"${SRCROOT}/Pods/Target Support Files/Pods-PokerPalm/Pods-PokerPalm-frameworks.sh\"\n";
			showEnvVarsInLog = 0;
		};
		5522CF76F769EB421147ADBD /* [CP] Copy Pods Resources */ = {
			isa = PBXShellScriptBuildPhase;
			buildActionMask = 2147483647;
			files = (
			);
			inputPaths = (
			);
			name = "[CP] Copy Pods Resources";
			outputPaths = (
			);
			runOnlyForDeploymentPostprocessing = 0;
			shellPath = /bin/sh;
			shellScript = "\"${SRCROOT}/Pods/Target Support Files/Pods-PokerPalm/Pods-PokerPalm-resources.sh\"\n";
			showEnvVarsInLog = 0;
		};
		58B64B0A36B8EE9533A01524 /* [CP] Check Pods Manifest.lock */ = {
			isa = PBXShellScriptBuildPhase;
			buildActionMask = 2147483647;
			files = (
			);
			inputPaths = (
			);
			name = "[CP] Check Pods Manifest.lock";
			outputPaths = (
			);
			runOnlyForDeploymentPostprocessing = 0;
			shellPath = /bin/sh;
			shellScript = "diff \"${PODS_ROOT}/../Podfile.lock\" \"${PODS_ROOT}/Manifest.lock\" > /dev/null\nif [ $? != 0 ] ; then\n    # print error to STDERR\n    echo \"error: The sandbox is not in sync with the Podfile.lock. Run 'pod install' or update your CocoaPods installation.\" >&2\n    exit 1\nfi\n";
			showEnvVarsInLog = 0;
		};
		6000A11E934851022B3071FA /* [CP] Embed Pods Frameworks */ = {
			isa = PBXShellScriptBuildPhase;
			buildActionMask = 2147483647;
			files = (
			);
			inputPaths = (
			);
			name = "[CP] Embed Pods Frameworks";
			outputPaths = (
			);
			runOnlyForDeploymentPostprocessing = 0;
			shellPath = /bin/sh;
			shellScript = "\"${SRCROOT}/Pods/Target Support Files/Pods-DomainTests/Pods-DomainTests-frameworks.sh\"\n";
			showEnvVarsInLog = 0;
		};
		6DD022E1AD14F4257A47ACF9 /* [CP] Check Pods Manifest.lock */ = {
			isa = PBXShellScriptBuildPhase;
			buildActionMask = 2147483647;
			files = (
			);
			inputPaths = (
			);
			name = "[CP] Check Pods Manifest.lock";
			outputPaths = (
			);
			runOnlyForDeploymentPostprocessing = 0;
			shellPath = /bin/sh;
			shellScript = "diff \"${PODS_ROOT}/../Podfile.lock\" \"${PODS_ROOT}/Manifest.lock\" > /dev/null\nif [ $? != 0 ] ; then\n    # print error to STDERR\n    echo \"error: The sandbox is not in sync with the Podfile.lock. Run 'pod install' or update your CocoaPods installation.\" >&2\n    exit 1\nfi\n";
			showEnvVarsInLog = 0;
		};
		73190207BA26F0272E2FFB98 /* [CP] Copy Pods Resources */ = {
			isa = PBXShellScriptBuildPhase;
			buildActionMask = 2147483647;
			files = (
			);
			inputPaths = (
			);
			name = "[CP] Copy Pods Resources";
			outputPaths = (
			);
			runOnlyForDeploymentPostprocessing = 0;
			shellPath = /bin/sh;
			shellScript = "\"${SRCROOT}/Pods/Target Support Files/Pods-DomainTests/Pods-DomainTests-resources.sh\"\n";
			showEnvVarsInLog = 0;
		};
		8498DE7CAC4E05DCD2488E29 /* [CP] Copy Pods Resources */ = {
			isa = PBXShellScriptBuildPhase;
			buildActionMask = 2147483647;
			files = (
			);
			inputPaths = (
			);
			name = "[CP] Copy Pods Resources";
			outputPaths = (
			);
			runOnlyForDeploymentPostprocessing = 0;
			shellPath = /bin/sh;
			shellScript = "\"${SRCROOT}/Pods/Target Support Files/Pods-PlatformTests/Pods-PlatformTests-resources.sh\"\n";
			showEnvVarsInLog = 0;
		};
		A26B20B11B68F101C79F45E5 /* [CP] Check Pods Manifest.lock */ = {
			isa = PBXShellScriptBuildPhase;
			buildActionMask = 2147483647;
			files = (
			);
			inputPaths = (
			);
			name = "[CP] Check Pods Manifest.lock";
			outputPaths = (
			);
			runOnlyForDeploymentPostprocessing = 0;
			shellPath = /bin/sh;
			shellScript = "diff \"${PODS_ROOT}/../Podfile.lock\" \"${PODS_ROOT}/Manifest.lock\" > /dev/null\nif [ $? != 0 ] ; then\n    # print error to STDERR\n    echo \"error: The sandbox is not in sync with the Podfile.lock. Run 'pod install' or update your CocoaPods installation.\" >&2\n    exit 1\nfi\n";
			showEnvVarsInLog = 0;
		};
		A3DF501329992F1EFDBA79B8 /* [CP] Check Pods Manifest.lock */ = {
			isa = PBXShellScriptBuildPhase;
			buildActionMask = 2147483647;
			files = (
			);
			inputPaths = (
			);
			name = "[CP] Check Pods Manifest.lock";
			outputPaths = (
			);
			runOnlyForDeploymentPostprocessing = 0;
			shellPath = /bin/sh;
			shellScript = "diff \"${PODS_ROOT}/../Podfile.lock\" \"${PODS_ROOT}/Manifest.lock\" > /dev/null\nif [ $? != 0 ] ; then\n    # print error to STDERR\n    echo \"error: The sandbox is not in sync with the Podfile.lock. Run 'pod install' or update your CocoaPods installation.\" >&2\n    exit 1\nfi\n";
			showEnvVarsInLog = 0;
		};
		B80E5685CD7907C8C85AED5C /* [CP] Check Pods Manifest.lock */ = {
			isa = PBXShellScriptBuildPhase;
			buildActionMask = 2147483647;
			files = (
			);
			inputPaths = (
			);
			name = "[CP] Check Pods Manifest.lock";
			outputPaths = (
			);
			runOnlyForDeploymentPostprocessing = 0;
			shellPath = /bin/sh;
			shellScript = "diff \"${PODS_ROOT}/../Podfile.lock\" \"${PODS_ROOT}/Manifest.lock\" > /dev/null\nif [ $? != 0 ] ; then\n    # print error to STDERR\n    echo \"error: The sandbox is not in sync with the Podfile.lock. Run 'pod install' or update your CocoaPods installation.\" >&2\n    exit 1\nfi\n";
			showEnvVarsInLog = 0;
		};
		D06635E100FB5EF61318B0FF /* [CP] Copy Pods Resources */ = {
			isa = PBXShellScriptBuildPhase;
			buildActionMask = 2147483647;
			files = (
			);
			inputPaths = (
			);
			name = "[CP] Copy Pods Resources";
			outputPaths = (
			);
			runOnlyForDeploymentPostprocessing = 0;
			shellPath = /bin/sh;
			shellScript = "\"${SRCROOT}/Pods/Target Support Files/Pods-Domain/Pods-Domain-resources.sh\"\n";
			showEnvVarsInLog = 0;
		};
/* End PBXShellScriptBuildPhase section */

/* Begin PBXSourcesBuildPhase section */
		2512A9541DBAAA21002E1104 /* Sources */ = {
			isa = PBXSourcesBuildPhase;
			buildActionMask = 2147483647;
			files = (
				2512A9641DBAAD3A002E1104 /* CreateSessionUseCaseTests.swift in Sources */,
			);
			runOnlyForDeploymentPostprocessing = 0;
		};
		D237BE381DB40FA800128623 /* Sources */ = {
			isa = PBXSourcesBuildPhase;
			buildActionMask = 2147483647;
			files = (
				D237BE421DB40FA800128623 /* ViewController.swift in Sources */,
				D237BE401DB40FA800128623 /* AppDelegate.swift in Sources */,
				886A4FF3B0D2B46A11152D98 /* SplashViewController.swift in Sources */,
			);
			runOnlyForDeploymentPostprocessing = 0;
		};
		D237BE511DB4117E00128623 /* Sources */ = {
			isa = PBXSourcesBuildPhase;
			buildActionMask = 2147483647;
			files = (
				D237BE7C1DB6D03E00128623 /* Attribute.swift in Sources */,
				D237BE801DB6D15900128623 /* AttributeStringLiteral.swift in Sources */,
				D237BE771DB411C300128623 /* Entities.swift in Sources */,
				D237BE7E1DB6D03E00128623 /* Predicate.swift in Sources */,
				D237BE751DB411B600128623 /* UseCases.swift in Sources */,
				D237BE7D1DB6D03E00128623 /* Expression.swift in Sources */,
				515F9AFFB45BE95BA924F09B /* Session.swift in Sources */,
				515F97A57A1D001FE5970FC5 /* Story.swift in Sources */,
				515F9FD370E2A29E5C059BAA /* Vote.swift in Sources */,
				515F9B25C5D3530E4EBBA464 /* User.swift in Sources */,
				886A4D7B93167EFB34F39ED4 /* RepositorySyncUseCase.swift in Sources */,
				886A4BFB1FAA3A0923267908 /* RepositoryFactory.swift in Sources */,
			);
			runOnlyForDeploymentPostprocessing = 0;
		};
		D237BE631DB4118700128623 /* Sources */ = {
			isa = PBXSourcesBuildPhase;
			buildActionMask = 2147483647;
			files = (
				515F9E4638AE84116EF40E15 /* List+Extensions.swift in Sources */,
				515F9A2AE9B273928912EA92 /* RealmStory.swift in Sources */,
				515F90731FA9F59AE40515BA /* RealmUser.swift in Sources */,
				515F90AEBDEC8F40C08E8C47 /* RealmVote.swift in Sources */,
				515F9B955FD7D0BF7C65019C /* RealmSession.swift in Sources */,
				515F980FFB2960D92A8535B5 /* RealmSessionConfiguration.swift in Sources */,
				D23761D61DC6743900872F94 /* Repositories.swift in Sources */,
				515F9907955AC2DB6AEC8DF0 /* RealmConvertible.swift in Sources */,
				515F94FAFDA656FD4C494C7C /* DomainConvertible.swift in Sources */,
				515F94530AC0D406A02570BF /* RealmRepository.swift in Sources */,
			);
			runOnlyForDeploymentPostprocessing = 0;
		};
		D2CA0D321DC626C80046AB66 /* Sources */ = {
			isa = PBXSourcesBuildPhase;
			buildActionMask = 2147483647;
			files = (
				D2CA0D391DC626C80046AB66 /* PlatformTests.swift in Sources */,
			);
			runOnlyForDeploymentPostprocessing = 0;
		};
/* End PBXSourcesBuildPhase section */

/* Begin PBXTargetDependency section */
		2512A95F1DBAAA21002E1104 /* PBXTargetDependency */ = {
			isa = PBXTargetDependency;
			target = D237BE551DB4117E00128623 /* Domain */;
			targetProxy = 2512A95E1DBAAA21002E1104 /* PBXContainerItemProxy */;
		};
		D237BE5C1DB4117E00128623 /* PBXTargetDependency */ = {
			isa = PBXTargetDependency;
			target = D237BE551DB4117E00128623 /* Domain */;
			targetProxy = D237BE5B1DB4117E00128623 /* PBXContainerItemProxy */;
		};
		D237BE6E1DB4118700128623 /* PBXTargetDependency */ = {
			isa = PBXTargetDependency;
			target = D237BE671DB4118700128623 /* Platform */;
			targetProxy = D237BE6D1DB4118700128623 /* PBXContainerItemProxy */;
		};
		D2CA0D3D1DC626C80046AB66 /* PBXTargetDependency */ = {
			isa = PBXTargetDependency;
			target = D237BE671DB4118700128623 /* Platform */;
			targetProxy = D2CA0D3C1DC626C80046AB66 /* PBXContainerItemProxy */;
		};
/* End PBXTargetDependency section */

/* Begin PBXVariantGroup section */
		D237BE431DB40FA800128623 /* Main.storyboard */ = {
			isa = PBXVariantGroup;
			children = (
				D237BE441DB40FA800128623 /* Base */,
			);
			name = Main.storyboard;
			sourceTree = "<group>";
		};
		D237BE481DB40FA800128623 /* LaunchScreen.storyboard */ = {
			isa = PBXVariantGroup;
			children = (
				D237BE491DB40FA800128623 /* Base */,
			);
			name = LaunchScreen.storyboard;
			sourceTree = "<group>";
		};
/* End PBXVariantGroup section */

/* Begin XCBuildConfiguration section */
		2512A9601DBAAA21002E1104 /* Debug */ = {
			isa = XCBuildConfiguration;
			baseConfigurationReference = 388F0D90442CEEE830B84BBB /* Pods-DomainTests.debug.xcconfig */;
			buildSettings = {
				INFOPLIST_FILE = DomainTests/Info.plist;
				LD_RUNPATH_SEARCH_PATHS = "$(inherited) @executable_path/Frameworks @loader_path/Frameworks";
				PRODUCT_BUNDLE_IDENTIFIER = com.berrylux.PockerPalm.DomainTests;
				PRODUCT_NAME = "$(TARGET_NAME)";
				SWIFT_VERSION = 3.0;
			};
			name = Debug;
		};
		2512A9611DBAAA21002E1104 /* Release */ = {
			isa = XCBuildConfiguration;
			baseConfigurationReference = 5D28C09F1AE1FB34328B34C5 /* Pods-DomainTests.release.xcconfig */;
			buildSettings = {
				INFOPLIST_FILE = DomainTests/Info.plist;
				LD_RUNPATH_SEARCH_PATHS = "$(inherited) @executable_path/Frameworks @loader_path/Frameworks";
				PRODUCT_BUNDLE_IDENTIFIER = com.berrylux.PockerPalm.DomainTests;
				PRODUCT_NAME = "$(TARGET_NAME)";
				SWIFT_VERSION = 3.0;
			};
			name = Release;
		};
		D237BE4C1DB40FA800128623 /* Debug */ = {
			isa = XCBuildConfiguration;
			buildSettings = {
				ALWAYS_SEARCH_USER_PATHS = NO;
				CLANG_ANALYZER_NONNULL = YES;
				CLANG_CXX_LANGUAGE_STANDARD = "gnu++0x";
				CLANG_CXX_LIBRARY = "libc++";
				CLANG_ENABLE_MODULES = YES;
				CLANG_ENABLE_OBJC_ARC = YES;
				CLANG_WARN_BOOL_CONVERSION = YES;
				CLANG_WARN_CONSTANT_CONVERSION = YES;
				CLANG_WARN_DIRECT_OBJC_ISA_USAGE = YES_ERROR;
				CLANG_WARN_DOCUMENTATION_COMMENTS = YES;
				CLANG_WARN_EMPTY_BODY = YES;
				CLANG_WARN_ENUM_CONVERSION = YES;
				CLANG_WARN_INFINITE_RECURSION = YES;
				CLANG_WARN_INT_CONVERSION = YES;
				CLANG_WARN_OBJC_ROOT_CLASS = YES_ERROR;
				CLANG_WARN_SUSPICIOUS_MOVES = YES;
				CLANG_WARN_UNREACHABLE_CODE = YES;
				CLANG_WARN__DUPLICATE_METHOD_MATCH = YES;
				"CODE_SIGN_IDENTITY[sdk=iphoneos*]" = "iPhone Developer";
				COPY_PHASE_STRIP = NO;
				DEBUG_INFORMATION_FORMAT = dwarf;
				ENABLE_STRICT_OBJC_MSGSEND = YES;
				ENABLE_TESTABILITY = YES;
				GCC_C_LANGUAGE_STANDARD = gnu99;
				GCC_DYNAMIC_NO_PIC = NO;
				GCC_NO_COMMON_BLOCKS = YES;
				GCC_OPTIMIZATION_LEVEL = 0;
				GCC_PREPROCESSOR_DEFINITIONS = (
					"DEBUG=1",
					"$(inherited)",
				);
				GCC_WARN_64_TO_32_BIT_CONVERSION = YES;
				GCC_WARN_ABOUT_RETURN_TYPE = YES_ERROR;
				GCC_WARN_UNDECLARED_SELECTOR = YES;
				GCC_WARN_UNINITIALIZED_AUTOS = YES_AGGRESSIVE;
				GCC_WARN_UNUSED_FUNCTION = YES;
				GCC_WARN_UNUSED_VARIABLE = YES;
				IPHONEOS_DEPLOYMENT_TARGET = 9.3;
				MTL_ENABLE_DEBUG_INFO = YES;
				ONLY_ACTIVE_ARCH = YES;
				SDKROOT = iphoneos;
				SWIFT_ACTIVE_COMPILATION_CONDITIONS = DEBUG;
				SWIFT_OPTIMIZATION_LEVEL = "-Onone";
				TARGETED_DEVICE_FAMILY = "1,2";
			};
			name = Debug;
		};
		D237BE4D1DB40FA800128623 /* Release */ = {
			isa = XCBuildConfiguration;
			buildSettings = {
				ALWAYS_SEARCH_USER_PATHS = NO;
				CLANG_ANALYZER_NONNULL = YES;
				CLANG_CXX_LANGUAGE_STANDARD = "gnu++0x";
				CLANG_CXX_LIBRARY = "libc++";
				CLANG_ENABLE_MODULES = YES;
				CLANG_ENABLE_OBJC_ARC = YES;
				CLANG_WARN_BOOL_CONVERSION = YES;
				CLANG_WARN_CONSTANT_CONVERSION = YES;
				CLANG_WARN_DIRECT_OBJC_ISA_USAGE = YES_ERROR;
				CLANG_WARN_DOCUMENTATION_COMMENTS = YES;
				CLANG_WARN_EMPTY_BODY = YES;
				CLANG_WARN_ENUM_CONVERSION = YES;
				CLANG_WARN_INFINITE_RECURSION = YES;
				CLANG_WARN_INT_CONVERSION = YES;
				CLANG_WARN_OBJC_ROOT_CLASS = YES_ERROR;
				CLANG_WARN_SUSPICIOUS_MOVES = YES;
				CLANG_WARN_UNREACHABLE_CODE = YES;
				CLANG_WARN__DUPLICATE_METHOD_MATCH = YES;
				"CODE_SIGN_IDENTITY[sdk=iphoneos*]" = "iPhone Developer";
				COPY_PHASE_STRIP = NO;
				DEBUG_INFORMATION_FORMAT = "dwarf-with-dsym";
				ENABLE_NS_ASSERTIONS = NO;
				ENABLE_STRICT_OBJC_MSGSEND = YES;
				GCC_C_LANGUAGE_STANDARD = gnu99;
				GCC_NO_COMMON_BLOCKS = YES;
				GCC_WARN_64_TO_32_BIT_CONVERSION = YES;
				GCC_WARN_ABOUT_RETURN_TYPE = YES_ERROR;
				GCC_WARN_UNDECLARED_SELECTOR = YES;
				GCC_WARN_UNINITIALIZED_AUTOS = YES_AGGRESSIVE;
				GCC_WARN_UNUSED_FUNCTION = YES;
				GCC_WARN_UNUSED_VARIABLE = YES;
				IPHONEOS_DEPLOYMENT_TARGET = 9.3;
				MTL_ENABLE_DEBUG_INFO = NO;
				SDKROOT = iphoneos;
				SWIFT_OPTIMIZATION_LEVEL = "-Owholemodule";
				TARGETED_DEVICE_FAMILY = "1,2";
				VALIDATE_PRODUCT = YES;
			};
			name = Release;
		};
		D237BE4F1DB40FA800128623 /* Debug */ = {
			isa = XCBuildConfiguration;
			baseConfigurationReference = FB85E139263A812A947ED4D0 /* Pods-PokerPalm.debug.xcconfig */;
			buildSettings = {
				ASSETCATALOG_COMPILER_APPICON_NAME = AppIcon;
				CODE_SIGN_ENTITLEMENTS = PokerPalm/PokerPalm.entitlements;
				DEVELOPMENT_TEAM = 5CW399VSES;
				INFOPLIST_FILE = PokerPalm/Info.plist;
				LD_RUNPATH_SEARCH_PATHS = "$(inherited) @executable_path/Frameworks";
				PRODUCT_BUNDLE_IDENTIFIER = berrylux.PokerPalm;
				PRODUCT_NAME = "$(TARGET_NAME)";
				SWIFT_VERSION = 3.0;
			};
			name = Debug;
		};
		D237BE501DB40FA800128623 /* Release */ = {
			isa = XCBuildConfiguration;
			baseConfigurationReference = EA2924F921C4C4F8E0C1F4C8 /* Pods-PokerPalm.release.xcconfig */;
			buildSettings = {
				ASSETCATALOG_COMPILER_APPICON_NAME = AppIcon;
				CODE_SIGN_ENTITLEMENTS = PokerPalm/PokerPalm.entitlements;
				DEVELOPMENT_TEAM = 5CW399VSES;
				INFOPLIST_FILE = PokerPalm/Info.plist;
				LD_RUNPATH_SEARCH_PATHS = "$(inherited) @executable_path/Frameworks";
				PRODUCT_BUNDLE_IDENTIFIER = berrylux.PokerPalm;
				PRODUCT_NAME = "$(TARGET_NAME)";
				SWIFT_VERSION = 3.0;
			};
			name = Release;
		};
		D237BE5F1DB4117E00128623 /* Debug */ = {
			isa = XCBuildConfiguration;
			baseConfigurationReference = 25A163673E66C32C078D53BF /* Pods-Domain.debug.xcconfig */;
			buildSettings = {
				ALWAYS_EMBED_SWIFT_STANDARD_LIBRARIES = YES;
				CLANG_ENABLE_MODULES = YES;
				CODE_SIGN_IDENTITY = "";
				CURRENT_PROJECT_VERSION = 1;
				DEFINES_MODULE = YES;
				DYLIB_COMPATIBILITY_VERSION = 1;
				DYLIB_CURRENT_VERSION = 1;
				DYLIB_INSTALL_NAME_BASE = "@rpath";
				INFOPLIST_FILE = Domain/Info.plist;
				INSTALL_PATH = "$(LOCAL_LIBRARY_DIR)/Frameworks";
				LD_RUNPATH_SEARCH_PATHS = "$(inherited) @executable_path/Frameworks @loader_path/Frameworks";
				PRODUCT_BUNDLE_IDENTIFIER = berrylux.Domain;
				PRODUCT_NAME = "$(TARGET_NAME)";
				SKIP_INSTALL = YES;
				SWIFT_OPTIMIZATION_LEVEL = "-Onone";
				SWIFT_VERSION = 3.0;
				VERSIONING_SYSTEM = "apple-generic";
				VERSION_INFO_PREFIX = "";
			};
			name = Debug;
		};
		D237BE601DB4117E00128623 /* Release */ = {
			isa = XCBuildConfiguration;
			baseConfigurationReference = 989BC68AB4FAA6622A885F2A /* Pods-Domain.release.xcconfig */;
			buildSettings = {
				ALWAYS_EMBED_SWIFT_STANDARD_LIBRARIES = YES;
				CLANG_ENABLE_MODULES = YES;
				CODE_SIGN_IDENTITY = "";
				CURRENT_PROJECT_VERSION = 1;
				DEFINES_MODULE = YES;
				DYLIB_COMPATIBILITY_VERSION = 1;
				DYLIB_CURRENT_VERSION = 1;
				DYLIB_INSTALL_NAME_BASE = "@rpath";
				INFOPLIST_FILE = Domain/Info.plist;
				INSTALL_PATH = "$(LOCAL_LIBRARY_DIR)/Frameworks";
				LD_RUNPATH_SEARCH_PATHS = "$(inherited) @executable_path/Frameworks @loader_path/Frameworks";
				PRODUCT_BUNDLE_IDENTIFIER = berrylux.Domain;
				PRODUCT_NAME = "$(TARGET_NAME)";
				SKIP_INSTALL = YES;
				SWIFT_VERSION = 3.0;
				VERSIONING_SYSTEM = "apple-generic";
				VERSION_INFO_PREFIX = "";
			};
			name = Release;
		};
		D237BE721DB4118700128623 /* Debug */ = {
			isa = XCBuildConfiguration;
			baseConfigurationReference = 7C07576B639E64EA6EF98B74 /* Pods-Platform.debug.xcconfig */;
			buildSettings = {
				ALWAYS_EMBED_SWIFT_STANDARD_LIBRARIES = YES;
				CLANG_ENABLE_MODULES = YES;
				CODE_SIGN_IDENTITY = "";
				CURRENT_PROJECT_VERSION = 1;
				DEFINES_MODULE = YES;
				DYLIB_COMPATIBILITY_VERSION = 1;
				DYLIB_CURRENT_VERSION = 1;
				DYLIB_INSTALL_NAME_BASE = "@rpath";
				INFOPLIST_FILE = Platform/Info.plist;
				INSTALL_PATH = "$(LOCAL_LIBRARY_DIR)/Frameworks";
				LD_RUNPATH_SEARCH_PATHS = "$(inherited) @executable_path/Frameworks @loader_path/Frameworks";
				PRODUCT_BUNDLE_IDENTIFIER = berrylux.Platform;
				PRODUCT_NAME = "$(TARGET_NAME)";
				SKIP_INSTALL = YES;
				SWIFT_OPTIMIZATION_LEVEL = "-Onone";
				SWIFT_VERSION = 3.0;
				VERSIONING_SYSTEM = "apple-generic";
				VERSION_INFO_PREFIX = "";
			};
			name = Debug;
		};
		D237BE731DB4118700128623 /* Release */ = {
			isa = XCBuildConfiguration;
			baseConfigurationReference = C63262C538D271BBA7981169 /* Pods-Platform.release.xcconfig */;
			buildSettings = {
				ALWAYS_EMBED_SWIFT_STANDARD_LIBRARIES = YES;
				CLANG_ENABLE_MODULES = YES;
				CODE_SIGN_IDENTITY = "";
				CURRENT_PROJECT_VERSION = 1;
				DEFINES_MODULE = YES;
				DYLIB_COMPATIBILITY_VERSION = 1;
				DYLIB_CURRENT_VERSION = 1;
				DYLIB_INSTALL_NAME_BASE = "@rpath";
				INFOPLIST_FILE = Platform/Info.plist;
				INSTALL_PATH = "$(LOCAL_LIBRARY_DIR)/Frameworks";
				LD_RUNPATH_SEARCH_PATHS = "$(inherited) @executable_path/Frameworks @loader_path/Frameworks";
				PRODUCT_BUNDLE_IDENTIFIER = berrylux.Platform;
				PRODUCT_NAME = "$(TARGET_NAME)";
				SKIP_INSTALL = YES;
				SWIFT_VERSION = 3.0;
				VERSIONING_SYSTEM = "apple-generic";
				VERSION_INFO_PREFIX = "";
			};
			name = Release;
		};
		D2CA0D3E1DC626C80046AB66 /* Debug */ = {
			isa = XCBuildConfiguration;
			baseConfigurationReference = B775A4A999B84D39D3687472 /* Pods-PlatformTests.debug.xcconfig */;
			buildSettings = {
				INFOPLIST_FILE = PlatformTests/Info.plist;
				IPHONEOS_DEPLOYMENT_TARGET = 10.1;
				LD_RUNPATH_SEARCH_PATHS = "$(inherited) @executable_path/Frameworks @loader_path/Frameworks";
				PRODUCT_BUNDLE_IDENTIFIER = berrylux.PlatformTests;
				PRODUCT_NAME = "$(TARGET_NAME)";
				SWIFT_VERSION = 3.0;
			};
			name = Debug;
		};
		D2CA0D3F1DC626C80046AB66 /* Release */ = {
			isa = XCBuildConfiguration;
			baseConfigurationReference = 9031B51C7FEDDC13F7513357 /* Pods-PlatformTests.release.xcconfig */;
			buildSettings = {
				INFOPLIST_FILE = PlatformTests/Info.plist;
				IPHONEOS_DEPLOYMENT_TARGET = 10.1;
				LD_RUNPATH_SEARCH_PATHS = "$(inherited) @executable_path/Frameworks @loader_path/Frameworks";
				PRODUCT_BUNDLE_IDENTIFIER = berrylux.PlatformTests;
				PRODUCT_NAME = "$(TARGET_NAME)";
				SWIFT_VERSION = 3.0;
			};
			name = Release;
		};
/* End XCBuildConfiguration section */

/* Begin XCConfigurationList section */
		2512A9621DBAAA21002E1104 /* Build configuration list for PBXNativeTarget "DomainTests" */ = {
			isa = XCConfigurationList;
			buildConfigurations = (
				2512A9601DBAAA21002E1104 /* Debug */,
				2512A9611DBAAA21002E1104 /* Release */,
			);
			defaultConfigurationIsVisible = 0;
			defaultConfigurationName = Release;
		};
		D237BE371DB40FA800128623 /* Build configuration list for PBXProject "PokerPalm" */ = {
			isa = XCConfigurationList;
			buildConfigurations = (
				D237BE4C1DB40FA800128623 /* Debug */,
				D237BE4D1DB40FA800128623 /* Release */,
			);
			defaultConfigurationIsVisible = 0;
			defaultConfigurationName = Release;
		};
		D237BE4E1DB40FA800128623 /* Build configuration list for PBXNativeTarget "PokerPalm" */ = {
			isa = XCConfigurationList;
			buildConfigurations = (
				D237BE4F1DB40FA800128623 /* Debug */,
				D237BE501DB40FA800128623 /* Release */,
			);
			defaultConfigurationIsVisible = 0;
			defaultConfigurationName = Release;
		};
		D237BE611DB4117E00128623 /* Build configuration list for PBXNativeTarget "Domain" */ = {
			isa = XCConfigurationList;
			buildConfigurations = (
				D237BE5F1DB4117E00128623 /* Debug */,
				D237BE601DB4117E00128623 /* Release */,
			);
			defaultConfigurationIsVisible = 0;
			defaultConfigurationName = Release;
		};
		D237BE711DB4118700128623 /* Build configuration list for PBXNativeTarget "Platform" */ = {
			isa = XCConfigurationList;
			buildConfigurations = (
				D237BE721DB4118700128623 /* Debug */,
				D237BE731DB4118700128623 /* Release */,
			);
			defaultConfigurationIsVisible = 0;
			defaultConfigurationName = Release;
		};
		D2CA0D401DC626C80046AB66 /* Build configuration list for PBXNativeTarget "PlatformTests" */ = {
			isa = XCConfigurationList;
			buildConfigurations = (
				D2CA0D3E1DC626C80046AB66 /* Debug */,
				D2CA0D3F1DC626C80046AB66 /* Release */,
			);
			defaultConfigurationIsVisible = 0;
			defaultConfigurationName = Release;
		};
/* End XCConfigurationList section */
	};
	rootObject = D237BE341DB40FA800128623 /* Project object */;
}
